
Microsoft Visual Studio Solution File, Format Version 12.00
# Visual Studio Version 17
VisualStudioVersion = 17.6.33723.286
MinimumVisualStudioVersion = 10.0.40219.1
Project("{FAE04EC0-301F-11D3-BF4B-00C04F79EFBC}") = "lab_12", "lab_12.csproj", "{528A3281-777C-452C-B3A4-7121FFFDEC76}"
EndProject
Global
	GlobalSection(SolutionConfigurationPlatforms) = preSolution
		Debug|Any CPU = Debug|Any CPU
		Release|Any CPU = Release|Any CPU
	EndGlobalSection
	GlobalSection(ProjectConfigurationPlatforms) = postSolution
		{528A3281-777C-452C-B3A4-7121FFFDEC76}.Debug|Any CPU.ActiveCfg = Debug|Any CPU
		{528A3281-777C-452C-B3A4-7121FFFDEC76}.Debug|Any CPU.Build.0 = Debug|Any CPU
		{528A3281-777C-452C-B3A4-7121FFFDEC76}.Release|Any CPU.ActiveCfg = Release|Any CPU
		{528A3281-777C-452C-B3A4-7121FFFDEC76}.Release|Any CPU.Build.0 = Release|Any CPU
	EndGlobalSection
	GlobalSection(SolutionProperties) = preSolution
		HideSolutionNode = FALSE
	EndGlobalSection
	GlobalSection(ExtensibilityGlobals) = postSolution
		SolutionGuid = {40DD10E9-5E01-4715-811B-A62CFF737D9B}
	EndGlobalSection
EndGlobal
