
Microsoft Visual Studio Solution File, Format Version 12.00
# Visual Studio Version 17
VisualStudioVersion = 17.5.33414.496
MinimumVisualStudioVersion = 10.0.40219.1
Project("{FAE04EC0-301F-11D3-BF4B-00C04F79EFBC}") = "lab_3E", "lab_3E.csproj", "{07055C1C-9D3F-4A53-A4FF-9B23FB3A7739}"
EndProject
Global
	GlobalSection(SolutionConfigurationPlatforms) = preSolution
		Debug|Any CPU = Debug|Any CPU
		Release|Any CPU = Release|Any CPU
	EndGlobalSection
	GlobalSection(ProjectConfigurationPlatforms) = postSolution
		{07055C1C-9D3F-4A53-A4FF-9B23FB3A7739}.Debug|Any CPU.ActiveCfg = Debug|Any CPU
		{07055C1C-9D3F-4A53-A4FF-9B23FB3A7739}.Debug|Any CPU.Build.0 = Debug|Any CPU
		{07055C1C-9D3F-4A53-A4FF-9B23FB3A7739}.Release|Any CPU.ActiveCfg = Release|Any CPU
		{07055C1C-9D3F-4A53-A4FF-9B23FB3A7739}.Release|Any CPU.Build.0 = Release|Any CPU
	EndGlobalSection
	GlobalSection(SolutionProperties) = preSolution
		HideSolutionNode = FALSE
	EndGlobalSection
	GlobalSection(ExtensibilityGlobals) = postSolution
		SolutionGuid = {1D52C8B2-006A-4A92-959D-2CA6CFE95035}
	EndGlobalSection
EndGlobal
