
Microsoft Visual Studio Solution File, Format Version 12.00
# Visual Studio Version 17
VisualStudioVersion = 17.5.33414.496
MinimumVisualStudioVersion = 10.0.40219.1
Project("{FAE04EC0-301F-11D3-BF4B-00C04F79EFBC}") = "Lab_2C", "Lab_2C.csproj", "{1C0605CB-7278-4D19-9B46-68045B789DB5}"
EndProject
Global
	GlobalSection(SolutionConfigurationPlatforms) = preSolution
		Debug|Any CPU = Debug|Any CPU
		Release|Any CPU = Release|Any CPU
	EndGlobalSection
	GlobalSection(ProjectConfigurationPlatforms) = postSolution
		{1C0605CB-7278-4D19-9B46-68045B789DB5}.Debug|Any CPU.ActiveCfg = Debug|Any CPU
		{1C0605CB-7278-4D19-9B46-68045B789DB5}.Debug|Any CPU.Build.0 = Debug|Any CPU
		{1C0605CB-7278-4D19-9B46-68045B789DB5}.Release|Any CPU.ActiveCfg = Release|Any CPU
		{1C0605CB-7278-4D19-9B46-68045B789DB5}.Release|Any CPU.Build.0 = Release|Any CPU
	EndGlobalSection
	GlobalSection(SolutionProperties) = preSolution
		HideSolutionNode = FALSE
	EndGlobalSection
	GlobalSection(ExtensibilityGlobals) = postSolution
		SolutionGuid = {1120B530-9532-4EDA-AAAF-C0D2ED8095D2}
	EndGlobalSection
EndGlobal
