
Microsoft Visual Studio Solution File, Format Version 12.00
# Visual Studio Version 17
VisualStudioVersion = 17.6.33815.320
MinimumVisualStudioVersion = 10.0.40219.1
Project("{FAE04EC0-301F-11D3-BF4B-00C04F79EFBC}") = "lab 14", "lab 14.csproj", "{E47801B6-C9B0-48B9-992B-18AFD0D2B7E7}"
EndProject
Global
	GlobalSection(SolutionConfigurationPlatforms) = preSolution
		Debug|Any CPU = Debug|Any CPU
		Release|Any CPU = Release|Any CPU
	EndGlobalSection
	GlobalSection(ProjectConfigurationPlatforms) = postSolution
		{E47801B6-C9B0-48B9-992B-18AFD0D2B7E7}.Debug|Any CPU.ActiveCfg = Debug|Any CPU
		{E47801B6-C9B0-48B9-992B-18AFD0D2B7E7}.Debug|Any CPU.Build.0 = Debug|Any CPU
		{E47801B6-C9B0-48B9-992B-18AFD0D2B7E7}.Release|Any CPU.ActiveCfg = Release|Any CPU
		{E47801B6-C9B0-48B9-992B-18AFD0D2B7E7}.Release|Any CPU.Build.0 = Release|Any CPU
	EndGlobalSection
	GlobalSection(SolutionProperties) = preSolution
		HideSolutionNode = FALSE
	EndGlobalSection
	GlobalSection(ExtensibilityGlobals) = postSolution
		SolutionGuid = {E514810E-D376-49C6-9B18-8CBD2C124D26}
	EndGlobalSection
EndGlobal
