
Microsoft Visual Studio Solution File, Format Version 12.00
# Visual Studio Version 17
VisualStudioVersion = 17.6.33723.286
MinimumVisualStudioVersion = 10.0.40219.1
Project("{FAE04EC0-301F-11D3-BF4B-00C04F79EFBC}") = "lab_9A", "lab_9A.csproj", "{284277B0-7C26-47FC-8A69-ABA5C9BE1632}"
EndProject
Global
	GlobalSection(SolutionConfigurationPlatforms) = preSolution
		Debug|Any CPU = Debug|Any CPU
		Release|Any CPU = Release|Any CPU
	EndGlobalSection
	GlobalSection(ProjectConfigurationPlatforms) = postSolution
		{284277B0-7C26-47FC-8A69-ABA5C9BE1632}.Debug|Any CPU.ActiveCfg = Debug|Any CPU
		{284277B0-7C26-47FC-8A69-ABA5C9BE1632}.Debug|Any CPU.Build.0 = Debug|Any CPU
		{284277B0-7C26-47FC-8A69-ABA5C9BE1632}.Release|Any CPU.ActiveCfg = Release|Any CPU
		{284277B0-7C26-47FC-8A69-ABA5C9BE1632}.Release|Any CPU.Build.0 = Release|Any CPU
	EndGlobalSection
	GlobalSection(SolutionProperties) = preSolution
		HideSolutionNode = FALSE
	EndGlobalSection
	GlobalSection(ExtensibilityGlobals) = postSolution
		SolutionGuid = {7CAF7728-4B85-4787-97B7-AF87A64E3E4C}
	EndGlobalSection
EndGlobal
