
Microsoft Visual Studio Solution File, Format Version 12.00
# Visual Studio Version 17
VisualStudioVersion = 17.6.33815.320
MinimumVisualStudioVersion = 10.0.40219.1
Project("{FAE04EC0-301F-11D3-BF4B-00C04F79EFBC}") = "lab_4B", "lab_4B.csproj", "{079E3863-A690-457F-84BB-ABF9A768E1F6}"
EndProject
Global
	GlobalSection(SolutionConfigurationPlatforms) = preSolution
		Debug|Any CPU = Debug|Any CPU
		Release|Any CPU = Release|Any CPU
	EndGlobalSection
	GlobalSection(ProjectConfigurationPlatforms) = postSolution
		{079E3863-A690-457F-84BB-ABF9A768E1F6}.Debug|Any CPU.ActiveCfg = Debug|Any CPU
		{079E3863-A690-457F-84BB-ABF9A768E1F6}.Debug|Any CPU.Build.0 = Debug|Any CPU
		{079E3863-A690-457F-84BB-ABF9A768E1F6}.Release|Any CPU.ActiveCfg = Release|Any CPU
		{079E3863-A690-457F-84BB-ABF9A768E1F6}.Release|Any CPU.Build.0 = Release|Any CPU
	EndGlobalSection
	GlobalSection(SolutionProperties) = preSolution
		HideSolutionNode = FALSE
	EndGlobalSection
	GlobalSection(ExtensibilityGlobals) = postSolution
		SolutionGuid = {401E8F14-4A94-41D7-A5DD-B6E47F544E3A}
	EndGlobalSection
EndGlobal
