
Microsoft Visual Studio Solution File, Format Version 12.00
# Visual Studio Version 17
VisualStudioVersion = 17.5.33414.496
MinimumVisualStudioVersion = 10.0.40219.1
Project("{FAE04EC0-301F-11D3-BF4B-00C04F79EFBC}") = "lab_5E", "lab_5E.csproj", "{E09B4D9C-1D9D-4577-B67D-A7D6F5F08619}"
EndProject
Global
	GlobalSection(SolutionConfigurationPlatforms) = preSolution
		Debug|Any CPU = Debug|Any CPU
		Release|Any CPU = Release|Any CPU
	EndGlobalSection
	GlobalSection(ProjectConfigurationPlatforms) = postSolution
		{E09B4D9C-1D9D-4577-B67D-A7D6F5F08619}.Debug|Any CPU.ActiveCfg = Debug|Any CPU
		{E09B4D9C-1D9D-4577-B67D-A7D6F5F08619}.Debug|Any CPU.Build.0 = Debug|Any CPU
		{E09B4D9C-1D9D-4577-B67D-A7D6F5F08619}.Release|Any CPU.ActiveCfg = Release|Any CPU
		{E09B4D9C-1D9D-4577-B67D-A7D6F5F08619}.Release|Any CPU.Build.0 = Release|Any CPU
	EndGlobalSection
	GlobalSection(SolutionProperties) = preSolution
		HideSolutionNode = FALSE
	EndGlobalSection
	GlobalSection(ExtensibilityGlobals) = postSolution
		SolutionGuid = {BB397462-8713-485C-836E-B90A76F3BE39}
	EndGlobalSection
EndGlobal
