
Microsoft Visual Studio Solution File, Format Version 12.00
# Visual Studio Version 17
VisualStudioVersion = 17.5.33414.496
MinimumVisualStudioVersion = 10.0.40219.1
Project("{FAE04EC0-301F-11D3-BF4B-00C04F79EFBC}") = "lab_6C", "lab_6C.csproj", "{F3B67D2D-7FF4-4137-9997-08C493907F46}"
EndProject
Global
	GlobalSection(SolutionConfigurationPlatforms) = preSolution
		Debug|Any CPU = Debug|Any CPU
		Release|Any CPU = Release|Any CPU
	EndGlobalSection
	GlobalSection(ProjectConfigurationPlatforms) = postSolution
		{F3B67D2D-7FF4-4137-9997-08C493907F46}.Debug|Any CPU.ActiveCfg = Debug|Any CPU
		{F3B67D2D-7FF4-4137-9997-08C493907F46}.Debug|Any CPU.Build.0 = Debug|Any CPU
		{F3B67D2D-7FF4-4137-9997-08C493907F46}.Release|Any CPU.ActiveCfg = Release|Any CPU
		{F3B67D2D-7FF4-4137-9997-08C493907F46}.Release|Any CPU.Build.0 = Release|Any CPU
	EndGlobalSection
	GlobalSection(SolutionProperties) = preSolution
		HideSolutionNode = FALSE
	EndGlobalSection
	GlobalSection(ExtensibilityGlobals) = postSolution
		SolutionGuid = {F49ECF21-6043-4CD7-A1C1-804D66C50CE9}
	EndGlobalSection
EndGlobal
